
Microsoft Visual Studio Solution File, Format Version 12.00
# Visual Studio Version 17
VisualStudioVersion = 17.9.34728.123
MinimumVisualStudioVersion = 10.0.40219.1
Project("{FAE04EC0-301F-11D3-BF4B-00C04F79EFBC}") = "Inventort Managment System", "Inventort Managment System\Inventort Managment System.csproj", "{F306BC52-0A06-403D-98C7-CCB81ADD30D1}"
EndProject
Global
	GlobalSection(SolutionConfigurationPlatforms) = preSolution
		Debug|Any CPU = Debug|Any CPU
		Release|Any CPU = Release|Any CPU
	EndGlobalSection
	GlobalSection(ProjectConfigurationPlatforms) = postSolution
		{F306BC52-0A06-403D-98C7-CCB81ADD30D1}.Debug|Any CPU.ActiveCfg = Debug|Any CPU
		{F306BC52-0A06-403D-98C7-CCB81ADD30D1}.Debug|Any CPU.Build.0 = Debug|Any CPU
		{F306BC52-0A06-403D-98C7-CCB81ADD30D1}.Release|Any CPU.ActiveCfg = Release|Any CPU
		{F306BC52-0A06-403D-98C7-CCB81ADD30D1}.Release|Any CPU.Build.0 = Release|Any CPU
	EndGlobalSection
	GlobalSection(SolutionProperties) = preSolution
		HideSolutionNode = FALSE
	EndGlobalSection
	GlobalSection(ExtensibilityGlobals) = postSolution
		SolutionGuid = {5D8D2A9A-B6C7-4ACD-9033-2EA44E50AFD4}
	EndGlobalSection
EndGlobal
